
Microsoft Visual Studio Solution File, Format Version 12.00
Project("{FAE04EC0-301F-11D3-BF4B-00C04F79EFBC}") = "Settings.Net.Tests", "Settings.Net.Tests\Settings.Net.Tests.csproj", "{3D4BA4D2-8723-4BF9-ADFB-0452A0B71E3B}"
EndProject
Project("{FAE04EC0-301F-11D3-BF4B-00C04F79EFBC}") = "Settings.Net", "Settings.Net\Settings.Net.csproj", "{94D35911-F72D-4FC4-A1CF-61CF9AC923F1}"
EndProject
Global
	GlobalSection(SolutionConfigurationPlatforms) = preSolution
		Debug|Any CPU = Debug|Any CPU
		Release|Any CPU = Release|Any CPU
	EndGlobalSection
	GlobalSection(ProjectConfigurationPlatforms) = postSolution
		{3D4BA4D2-8723-4BF9-ADFB-0452A0B71E3B}.Debug|Any CPU.ActiveCfg = Debug|Any CPU
		{3D4BA4D2-8723-4BF9-ADFB-0452A0B71E3B}.Debug|Any CPU.Build.0 = Debug|Any CPU
		{3D4BA4D2-8723-4BF9-ADFB-0452A0B71E3B}.Release|Any CPU.ActiveCfg = Release|Any CPU
		{3D4BA4D2-8723-4BF9-ADFB-0452A0B71E3B}.Release|Any CPU.Build.0 = Release|Any CPU
		{94D35911-F72D-4FC4-A1CF-61CF9AC923F1}.Debug|Any CPU.ActiveCfg = Debug|Any CPU
		{94D35911-F72D-4FC4-A1CF-61CF9AC923F1}.Debug|Any CPU.Build.0 = Debug|Any CPU
		{94D35911-F72D-4FC4-A1CF-61CF9AC923F1}.Release|Any CPU.ActiveCfg = Release|Any CPU
		{94D35911-F72D-4FC4-A1CF-61CF9AC923F1}.Release|Any CPU.Build.0 = Release|Any CPU
	EndGlobalSection
EndGlobal
